# Generated by buf. DO NOT EDIT.
version: v1
deps:
  - remote: buf.build
    owner: googleapis
    repository: googleapis
    commit: 61b203b9a9164be9a834f58c37be6f62
    digest: shake256:e619113001d6e284ee8a92b1561e5d4ea89a47b28bf0410815cb2fa23914df8be9f1a6a98dcf069f5bc2d829a2cfb1ac614863be45cd4f8a5ad8606c5f200224
  - remote: buf.build
    owner: rleonb
    repository: audit
    commit: e714ca6276764c289454a781001d8fd7
    digest: shake256:8b664cacd6e97bf605d887531c904d56da3861195e522ca3dca3ae2cfb7970304bcb9d3b2fce43a1eb432bee21b60be5e58a0f15917abda11c6c1c94b921aa53
